
Microsoft Visual Studio Solution File, Format Version 12.00
# Visual Studio Version 17
VisualStudioVersion = 17.5.33516.290
MinimumVisualStudioVersion = 10.0.40219.1
Project("{FAE04EC0-301F-11D3-BF4B-00C04F79EFBC}") = "ConsultaItemAcervo", "ConsultaItemAcervo\ConsultaItemAcervo.csproj", "{68B6FCED-7102-4736-A688-A267D991BA65}"
EndProject
Global
	GlobalSection(SolutionConfigurationPlatforms) = preSolution
		Debug|Any CPU = Debug|Any CPU
		Release|Any CPU = Release|Any CPU
	EndGlobalSection
	GlobalSection(ProjectConfigurationPlatforms) = postSolution
		{68B6FCED-7102-4736-A688-A267D991BA65}.Debug|Any CPU.ActiveCfg = Debug|Any CPU
		{68B6FCED-7102-4736-A688-A267D991BA65}.Debug|Any CPU.Build.0 = Debug|Any CPU
		{68B6FCED-7102-4736-A688-A267D991BA65}.Release|Any CPU.ActiveCfg = Release|Any CPU
		{68B6FCED-7102-4736-A688-A267D991BA65}.Release|Any CPU.Build.0 = Release|Any CPU
	EndGlobalSection
	GlobalSection(SolutionProperties) = preSolution
		HideSolutionNode = FALSE
	EndGlobalSection
	GlobalSection(ExtensibilityGlobals) = postSolution
		SolutionGuid = {2AB0C8DF-DF9A-456E-8332-75E6BBA68F19}
	EndGlobalSection
EndGlobal
